
Microsoft Visual Studio Solution File, Format Version 12.00
# Visual Studio Version 17
VisualStudioVersion = 17.6.33723.286
MinimumVisualStudioVersion = 10.0.40219.1
Project("{FAE04EC0-301F-11D3-BF4B-00C04F79EFBC}") = "FORM SQL", "FORM SQL\FORM SQL.csproj", "{C2012C54-4613-47A9-8C7E-55B667E4734B}"
EndProject
Global
	GlobalSection(SolutionConfigurationPlatforms) = preSolution
		Debug|Any CPU = Debug|Any CPU
		Release|Any CPU = Release|Any CPU
	EndGlobalSection
	GlobalSection(ProjectConfigurationPlatforms) = postSolution
		{C2012C54-4613-47A9-8C7E-55B667E4734B}.Debug|Any CPU.ActiveCfg = Debug|Any CPU
		{C2012C54-4613-47A9-8C7E-55B667E4734B}.Debug|Any CPU.Build.0 = Debug|Any CPU
		{C2012C54-4613-47A9-8C7E-55B667E4734B}.Release|Any CPU.ActiveCfg = Release|Any CPU
		{C2012C54-4613-47A9-8C7E-55B667E4734B}.Release|Any CPU.Build.0 = Release|Any CPU
	EndGlobalSection
	GlobalSection(SolutionProperties) = preSolution
		HideSolutionNode = FALSE
	EndGlobalSection
	GlobalSection(ExtensibilityGlobals) = postSolution
		SolutionGuid = {478D0393-8342-4319-A7FE-30547FB7615E}
	EndGlobalSection
EndGlobal
